
Microsoft Visual Studio Solution File, Format Version 12.00
# Visual Studio Version 16
VisualStudioVersion = 16.0.31624.102
MinimumVisualStudioVersion = 10.0.40219.1
Project("{FAE04EC0-301F-11D3-BF4B-00C04F79EFBC}") = "Logic", "Logic\Logic.csproj", "{2F22354B-ADF4-420F-83B0-5E98ABB85077}"
EndProject
Global
	GlobalSection(SolutionConfigurationPlatforms) = preSolution
		Debug|Any CPU = Debug|Any CPU
		Release|Any CPU = Release|Any CPU
	EndGlobalSection
	GlobalSection(ProjectConfigurationPlatforms) = postSolution
		{2F22354B-ADF4-420F-83B0-5E98ABB85077}.Debug|Any CPU.ActiveCfg = Debug|Any CPU
		{2F22354B-ADF4-420F-83B0-5E98ABB85077}.Debug|Any CPU.Build.0 = Debug|Any CPU
		{2F22354B-ADF4-420F-83B0-5E98ABB85077}.Release|Any CPU.ActiveCfg = Release|Any CPU
		{2F22354B-ADF4-420F-83B0-5E98ABB85077}.Release|Any CPU.Build.0 = Release|Any CPU
	EndGlobalSection
	GlobalSection(SolutionProperties) = preSolution
		HideSolutionNode = FALSE
	EndGlobalSection
	GlobalSection(ExtensibilityGlobals) = postSolution
		SolutionGuid = {FACB2CDE-E6CD-4291-BE6C-9A492789221A}
	EndGlobalSection
EndGlobal
